
Microsoft Visual Studio Solution File, Format Version 12.00
# Visual Studio Version 17
VisualStudioVersion = 17.2.32526.322
MinimumVisualStudioVersion = 10.0.40219.1
Project("{FAE04EC0-301F-11D3-BF4B-00C04F79EFBC}") = "dapperAPIpractice", "dapperAPIpractice.csproj", "{70994155-24E8-48DD-885C-B717EFA1512D}"
EndProject
Global
	GlobalSection(SolutionConfigurationPlatforms) = preSolution
		Debug|Any CPU = Debug|Any CPU
		Release|Any CPU = Release|Any CPU
	EndGlobalSection
	GlobalSection(ProjectConfigurationPlatforms) = postSolution
		{70994155-24E8-48DD-885C-B717EFA1512D}.Debug|Any CPU.ActiveCfg = Debug|Any CPU
		{70994155-24E8-48DD-885C-B717EFA1512D}.Debug|Any CPU.Build.0 = Debug|Any CPU
		{70994155-24E8-48DD-885C-B717EFA1512D}.Release|Any CPU.ActiveCfg = Release|Any CPU
		{70994155-24E8-48DD-885C-B717EFA1512D}.Release|Any CPU.Build.0 = Release|Any CPU
	EndGlobalSection
	GlobalSection(SolutionProperties) = preSolution
		HideSolutionNode = FALSE
	EndGlobalSection
	GlobalSection(ExtensibilityGlobals) = postSolution
		SolutionGuid = {40372B5E-13A7-4152-8903-D110B7806B97}
	EndGlobalSection
EndGlobal
